// !$*UTF8*$!
{
	archiveVersion = 1;
	classes = {
	};
	objectVersion = 46;
	objects = {

/* Begin PBXBuildFile section */
		3D40C8714840FBBA75E169B6 /* Pods_ParseChatTests.framework in Frameworks */ = {isa = PBXBuildFile; fileRef = 2AFF01B69AD38CBBBDEC404F /* Pods_ParseChatTests.framework */; };
		8A50309CD8672393EA3B7042 /* Pods_ParseChatUITests.framework in Frameworks */ = {isa = PBXBuildFile; fileRef = 16AD73247819C66A15D1E928 /* Pods_ParseChatUITests.framework */; };
		A0346E36BC8B9A8081F89A0C /* Pods_ParseChat.framework in Frameworks */ = {isa = PBXBuildFile; fileRef = E0D3A6B6505793B6936719CC /* Pods_ParseChat.framework */; };
		E15E34FC1F018996001D9014 /* AppDelegate.swift in Sources */ = {isa = PBXBuildFile; fileRef = E15E34FB1F018996001D9014 /* AppDelegate.swift */; };
		E15E34FE1F018996001D9014 /* LoginViewController.swift in Sources */ = {isa = PBXBuildFile; fileRef = E15E34FD1F018996001D9014 /* LoginViewController.swift */; };
		E15E35011F018996001D9014 /* Main.storyboard in Resources */ = {isa = PBXBuildFile; fileRef = E15E34FF1F018996001D9014 /* Main.storyboard */; };
		E15E35031F018996001D9014 /* Assets.xcassets in Resources */ = {isa = PBXBuildFile; fileRef = E15E35021F018996001D9014 /* Assets.xcassets */; };
		E15E35061F018996001D9014 /* LaunchScreen.storyboard in Resources */ = {isa = PBXBuildFile; fileRef = E15E35041F018996001D9014 /* LaunchScreen.storyboard */; };
		E15E35111F018996001D9014 /* ParseChatTests.swift in Sources */ = {isa = PBXBuildFile; fileRef = E15E35101F018996001D9014 /* ParseChatTests.swift */; };
		E15E351C1F018996001D9014 /* ParseChatUITests.swift in Sources */ = {isa = PBXBuildFile; fileRef = E15E351B1F018996001D9014 /* ParseChatUITests.swift */; };
		E1C183DB1F01A263005A46E7 /* ChatViewController.swift in Sources */ = {isa = PBXBuildFile; fileRef = E1C183DA1F01A263005A46E7 /* ChatViewController.swift */; };
		E1C995A91F01A6E000164C69 /* ChatCell.swift in Sources */ = {isa = PBXBuildFile; fileRef = E1C995A81F01A6E000164C69 /* ChatCell.swift */; };
/* End PBXBuildFile section */

/* Begin PBXContainerItemProxy section */
		E15E350D1F018996001D9014 /* PBXContainerItemProxy */ = {
			isa = PBXContainerItemProxy;
			containerPortal = E15E34F01F018996001D9014 /* Project object */;
			proxyType = 1;
			remoteGlobalIDString = E15E34F71F018996001D9014;
			remoteInfo = ParseChat;
		};
		E15E35181F018996001D9014 /* PBXContainerItemProxy */ = {
			isa = PBXContainerItemProxy;
			containerPortal = E15E34F01F018996001D9014 /* Project object */;
			proxyType = 1;
			remoteGlobalIDString = E15E34F71F018996001D9014;
			remoteInfo = ParseChat;
		};
/* End PBXContainerItemProxy section */

/* Begin PBXFileReference section */
		16AD73247819C66A15D1E928 /* Pods_ParseChatUITests.framework */ = {isa = PBXFileReference; explicitFileType = wrapper.framework; includeInIndex = 0; path = Pods_ParseChatUITests.framework; sourceTree = BUILT_PRODUCTS_DIR; };
		2609B424A2C034365A4BB58D /* Pods-ParseChatUITests.debug.xcconfig */ = {isa = PBXFileReference; includeInIndex = 1; lastKnownFileType = text.xcconfig; name = "Pods-ParseChatUITests.debug.xcconfig"; path = "Pods/Target Support Files/Pods-ParseChatUITests/Pods-ParseChatUITests.debug.xcconfig"; sourceTree = "<group>"; };
		2AFF01B69AD38CBBBDEC404F /* Pods_ParseChatTests.framework */ = {isa = PBXFileReference; explicitFileType = wrapper.framework; includeInIndex = 0; path = Pods_ParseChatTests.framework; sourceTree = BUILT_PRODUCTS_DIR; };
		7ED169A982B069B5317F0E14 /* Pods-ParseChat.debug.xcconfig */ = {isa = PBXFileReference; includeInIndex = 1; lastKnownFileType = text.xcconfig; name = "Pods-ParseChat.debug.xcconfig"; path = "Pods/Target Support Files/Pods-ParseChat/Pods-ParseChat.debug.xcconfig"; sourceTree = "<group>"; };
		A95B04BC43F57F037379953A /* Pods-ParseChatTests.release.xcconfig */ = {isa = PBXFileReference; includeInIndex = 1; lastKnownFileType = text.xcconfig; name = "Pods-ParseChatTests.release.xcconfig"; path = "Pods/Target Support Files/Pods-ParseChatTests/Pods-ParseChatTests.release.xcconfig"; sourceTree = "<group>"; };
		AB2CB48507343F835BB68A8F /* Pods-ParseChatTests.debug.xcconfig */ = {isa = PBXFileReference; includeInIndex = 1; lastKnownFileType = text.xcconfig; name = "Pods-ParseChatTests.debug.xcconfig"; path = "Pods/Target Support Files/Pods-ParseChatTests/Pods-ParseChatTests.debug.xcconfig"; sourceTree = "<group>"; };
		E0D3A6B6505793B6936719CC /* Pods_ParseChat.framework */ = {isa = PBXFileReference; explicitFileType = wrapper.framework; includeInIndex = 0; path = Pods_ParseChat.framework; sourceTree = BUILT_PRODUCTS_DIR; };
		E15E34F81F018996001D9014 /* ParseChat.app */ = {isa = PBXFileReference; explicitFileType = wrapper.application; includeInIndex = 0; path = ParseChat.app; sourceTree = BUILT_PRODUCTS_DIR; };
		E15E34FB1F018996001D9014 /* AppDelegate.swift */ = {isa = PBXFileReference; lastKnownFileType = sourcecode.swift; path = AppDelegate.swift; sourceTree = "<group>"; };
		E15E34FD1F018996001D9014 /* LoginViewController.swift */ = {isa = PBXFileReference; lastKnownFileType = sourcecode.swift; path = LoginViewController.swift; sourceTree = "<group>"; };
		E15E35001F018996001D9014 /* Base */ = {isa = PBXFileReference; lastKnownFileType = file.storyboard; name = Base; path = Base.lproj/Main.storyboard; sourceTree = "<group>"; };
		E15E35021F018996001D9014 /* Assets.xcassets */ = {isa = PBXFileReference; lastKnownFileType = folder.assetcatalog; path = Assets.xcassets; sourceTree = "<group>"; };
		E15E35051F018996001D9014 /* Base */ = {isa = PBXFileReference; lastKnownFileType = file.storyboard; name = Base; path = Base.lproj/LaunchScreen.storyboard; sourceTree = "<group>"; };
		E15E35071F018996001D9014 /* Info.plist */ = {isa = PBXFileReference; lastKnownFileType = text.plist.xml; path = Info.plist; sourceTree = "<group>"; };
		E15E350C1F018996001D9014 /* ParseChatTests.xctest */ = {isa = PBXFileReference; explicitFileType = wrapper.cfbundle; includeInIndex = 0; path = ParseChatTests.xctest; sourceTree = BUILT_PRODUCTS_DIR; };
		E15E35101F018996001D9014 /* ParseChatTests.swift */ = {isa = PBXFileReference; lastKnownFileType = sourcecode.swift; path = ParseChatTests.swift; sourceTree = "<group>"; };
		E15E35121F018996001D9014 /* Info.plist */ = {isa = PBXFileReference; lastKnownFileType = text.plist.xml; path = Info.plist; sourceTree = "<group>"; };
		E15E35171F018996001D9014 /* ParseChatUITests.xctest */ = {isa = PBXFileReference; explicitFileType = wrapper.cfbundle; includeInIndex = 0; path = ParseChatUITests.xctest; sourceTree = BUILT_PRODUCTS_DIR; };
		E15E351B1F018996001D9014 /* ParseChatUITests.swift */ = {isa = PBXFileReference; lastKnownFileType = sourcecode.swift; path = ParseChatUITests.swift; sourceTree = "<group>"; };
		E15E351D1F018996001D9014 /* Info.plist */ = {isa = PBXFileReference; lastKnownFileType = text.plist.xml; path = Info.plist; sourceTree = "<group>"; };
		E1C183DA1F01A263005A46E7 /* ChatViewController.swift */ = {isa = PBXFileReference; fileEncoding = 4; lastKnownFileType = sourcecode.swift; path = ChatViewController.swift; sourceTree = "<group>"; };
		E1C995A81F01A6E000164C69 /* ChatCell.swift */ = {isa = PBXFileReference; fileEncoding = 4; lastKnownFileType = sourcecode.swift; path = ChatCell.swift; sourceTree = "<group>"; };
		E5584798A2DF4E762BC1FB4E /* Pods-ParseChat.release.xcconfig */ = {isa = PBXFileReference; includeInIndex = 1; lastKnownFileType = text.xcconfig; name = "Pods-ParseChat.release.xcconfig"; path = "Pods/Target Support Files/Pods-ParseChat/Pods-ParseChat.release.xcconfig"; sourceTree = "<group>"; };
		FBB44E65B15546923009B012 /* Pods-ParseChatUITests.release.xcconfig */ = {isa = PBXFileReference; includeInIndex = 1; lastKnownFileType = text.xcconfig; name = "Pods-ParseChatUITests.release.xcconfig"; path = "Pods/Target Support Files/Pods-ParseChatUITests/Pods-ParseChatUITests.release.xcconfig"; sourceTree = "<group>"; };
/* End PBXFileReference section */

/* Begin PBXFrameworksBuildPhase section */
		E15E34F51F018996001D9014 /* Frameworks */ = {
			isa = PBXFrameworksBuildPhase;
			buildActionMask = 2147483647;
			files = (
				A0346E36BC8B9A8081F89A0C /* Pods_ParseChat.framework in Frameworks */,
			);
			runOnlyForDeploymentPostprocessing = 0;
		};
		E15E35091F018996001D9014 /* Frameworks */ = {
			isa = PBXFrameworksBuildPhase;
			buildActionMask = 2147483647;
			files = (
				3D40C8714840FBBA75E169B6 /* Pods_ParseChatTests.framework in Frameworks */,
			);
			runOnlyForDeploymentPostprocessing = 0;
		};
		E15E35141F018996001D9014 /* Frameworks */ = {
			isa = PBXFrameworksBuildPhase;
			buildActionMask = 2147483647;
			files = (
				8A50309CD8672393EA3B7042 /* Pods_ParseChatUITests.framework in Frameworks */,
			);
			runOnlyForDeploymentPostprocessing = 0;
		};
/* End PBXFrameworksBuildPhase section */

/* Begin PBXGroup section */
		4FBAC014E675AAFF4BCD9463 /* Pods */ = {
			isa = PBXGroup;
			children = (
				7ED169A982B069B5317F0E14 /* Pods-ParseChat.debug.xcconfig */,
				E5584798A2DF4E762BC1FB4E /* Pods-ParseChat.release.xcconfig */,
				AB2CB48507343F835BB68A8F /* Pods-ParseChatTests.debug.xcconfig */,
				A95B04BC43F57F037379953A /* Pods-ParseChatTests.release.xcconfig */,
				2609B424A2C034365A4BB58D /* Pods-ParseChatUITests.debug.xcconfig */,
				FBB44E65B15546923009B012 /* Pods-ParseChatUITests.release.xcconfig */,
			);
			name = Pods;
			sourceTree = "<group>";
		};
		D142643C7684D38542D4D122 /* Frameworks */ = {
			isa = PBXGroup;
			children = (
				E0D3A6B6505793B6936719CC /* Pods_ParseChat.framework */,
				2AFF01B69AD38CBBBDEC404F /* Pods_ParseChatTests.framework */,
				16AD73247819C66A15D1E928 /* Pods_ParseChatUITests.framework */,
			);
			name = Frameworks;
			sourceTree = "<group>";
		};
		E15E34EF1F018996001D9014 = {
			isa = PBXGroup;
			children = (
				E15E34FA1F018996001D9014 /* ParseChat */,
				E15E350F1F018996001D9014 /* ParseChatTests */,
				E15E351A1F018996001D9014 /* ParseChatUITests */,
				E15E34F91F018996001D9014 /* Products */,
				4FBAC014E675AAFF4BCD9463 /* Pods */,
				D142643C7684D38542D4D122 /* Frameworks */,
			);
			sourceTree = "<group>";
		};
		E15E34F91F018996001D9014 /* Products */ = {
			isa = PBXGroup;
			children = (
				E15E34F81F018996001D9014 /* ParseChat.app */,
				E15E350C1F018996001D9014 /* ParseChatTests.xctest */,
				E15E35171F018996001D9014 /* ParseChatUITests.xctest */,
			);
			name = Products;
			sourceTree = "<group>";
		};
		E15E34FA1F018996001D9014 /* ParseChat */ = {
			isa = PBXGroup;
			children = (
				E15E34FB1F018996001D9014 /* AppDelegate.swift */,
				E15E34FD1F018996001D9014 /* LoginViewController.swift */,
				E15E34FF1F018996001D9014 /* Main.storyboard */,
				E15E35021F018996001D9014 /* Assets.xcassets */,
				E15E35041F018996001D9014 /* LaunchScreen.storyboard */,
				E15E35071F018996001D9014 /* Info.plist */,
				E1C183DA1F01A263005A46E7 /* ChatViewController.swift */,
				E1C995A81F01A6E000164C69 /* ChatCell.swift */,
			);
			path = ParseChat;
			sourceTree = "<group>";
		};
		E15E350F1F018996001D9014 /* ParseChatTests */ = {
			isa = PBXGroup;
			children = (
				E15E35101F018996001D9014 /* ParseChatTests.swift */,
				E15E35121F018996001D9014 /* Info.plist */,
			);
			path = ParseChatTests;
			sourceTree = "<group>";
		};
		E15E351A1F018996001D9014 /* ParseChatUITests */ = {
			isa = PBXGroup;
			children = (
				E15E351B1F018996001D9014 /* ParseChatUITests.swift */,
				E15E351D1F018996001D9014 /* Info.plist */,
			);
			path = ParseChatUITests;
			sourceTree = "<group>";
		};
/* End PBXGroup section */

/* Begin PBXNativeTarget section */
		E15E34F71F018996001D9014 /* ParseChat */ = {
			isa = PBXNativeTarget;
			buildConfigurationList = E15E35201F018996001D9014 /* Build configuration list for PBXNativeTarget "ParseChat" */;
			buildPhases = (
				BBEA623DA8575C4E48E19602 /* [CP] Check Pods Manifest.lock */,
				E15E34F41F018996001D9014 /* Sources */,
				E15E34F51F018996001D9014 /* Frameworks */,
				E15E34F61F018996001D9014 /* Resources */,
				9647E1979CC79C24C39F7244 /* [CP] Embed Pods Frameworks */,
				D01FC33AEB1903DC4F0B2E4D /* [CP] Copy Pods Resources */,
			);
			buildRules = (
			);
			dependencies = (
			);
			name = ParseChat;
			productName = ParseChat;
			productReference = E15E34F81F018996001D9014 /* ParseChat.app */;
			productType = "com.apple.product-type.application";
		};
		E15E350B1F018996001D9014 /* ParseChatTests */ = {
			isa = PBXNativeTarget;
			buildConfigurationList = E15E35231F018996001D9014 /* Build configuration list for PBXNativeTarget "ParseChatTests" */;
			buildPhases = (
				C5C6E11933F4265B4221686A /* [CP] Check Pods Manifest.lock */,
				E15E35081F018996001D9014 /* Sources */,
				E15E35091F018996001D9014 /* Frameworks */,
				E15E350A1F018996001D9014 /* Resources */,
				A182BCB0424DF1799CFF166E /* [CP] Embed Pods Frameworks */,
				5E18E44185700584E1E5DBFA /* [CP] Copy Pods Resources */,
			);
			buildRules = (
			);
			dependencies = (
				E15E350E1F018996001D9014 /* PBXTargetDependency */,
			);
			name = ParseChatTests;
			productName = ParseChatTests;
			productReference = E15E350C1F018996001D9014 /* ParseChatTests.xctest */;
			productType = "com.apple.product-type.bundle.unit-test";
		};
		E15E35161F018996001D9014 /* ParseChatUITests */ = {
			isa = PBXNativeTarget;
			buildConfigurationList = E15E35261F018996001D9014 /* Build configuration list for PBXNativeTarget "ParseChatUITests" */;
			buildPhases = (
				87702061D8040F524F169CD8 /* [CP] Check Pods Manifest.lock */,
				E15E35131F018996001D9014 /* Sources */,
				E15E35141F018996001D9014 /* Frameworks */,
				E15E35151F018996001D9014 /* Resources */,
				287E1FC8A3A268087546010D /* [CP] Embed Pods Frameworks */,
				5C7CA7A7BCF322B8EFF45CC5 /* [CP] Copy Pods Resources */,
			);
			buildRules = (
			);
			dependencies = (
				E15E35191F018996001D9014 /* PBXTargetDependency */,
			);
			name = ParseChatUITests;
			productName = ParseChatUITests;
			productReference = E15E35171F018996001D9014 /* ParseChatUITests.xctest */;
			productType = "com.apple.product-type.bundle.ui-testing";
		};
/* End PBXNativeTarget section */

/* Begin PBXProject section */
		E15E34F01F018996001D9014 /* Project object */ = {
			isa = PBXProject;
			attributes = {
				LastSwiftUpdateCheck = 0830;
				LastUpgradeCheck = 0830;
				ORGANIZATIONNAME = "Annabel Strauss";
				TargetAttributes = {
					E15E34F71F018996001D9014 = {
						CreatedOnToolsVersion = 8.3.2;
						ProvisioningStyle = Automatic;
					};
					E15E350B1F018996001D9014 = {
						CreatedOnToolsVersion = 8.3.2;
						ProvisioningStyle = Automatic;
						TestTargetID = E15E34F71F018996001D9014;
					};
					E15E35161F018996001D9014 = {
						CreatedOnToolsVersion = 8.3.2;
						ProvisioningStyle = Automatic;
						TestTargetID = E15E34F71F018996001D9014;
					};
				};
			};
			buildConfigurationList = E15E34F31F018996001D9014 /* Build configuration list for PBXProject "ParseChat" */;
			compatibilityVersion = "Xcode 3.2";
			developmentRegion = English;
			hasScannedForEncodings = 0;
			knownRegions = (
				en,
				Base,
			);
			mainGroup = E15E34EF1F018996001D9014;
			productRefGroup = E15E34F91F018996001D9014 /* Products */;
			projectDirPath = "";
			projectRoot = "";
			targets = (
				E15E34F71F018996001D9014 /* ParseChat */,
				E15E350B1F018996001D9014 /* ParseChatTests */,
				E15E35161F018996001D9014 /* ParseChatUITests */,
			);
		};
/* End PBXProject section */

/* Begin PBXResourcesBuildPhase section */
		E15E34F61F018996001D9014 /* Resources */ = {
			isa = PBXResourcesBuildPhase;
			buildActionMask = 2147483647;
			files = (
				E15E35061F018996001D9014 /* LaunchScreen.storyboard in Resources */,
				E15E35031F018996001D9014 /* Assets.xcassets in Resources */,
				E15E35011F018996001D9014 /* Main.storyboard in Resources */,
			);
			runOnlyForDeploymentPostprocessing = 0;
		};
		E15E350A1F018996001D9014 /* Resources */ = {
			isa = PBXResourcesBuildPhase;
			buildActionMask = 2147483647;
			files = (
			);
			runOnlyForDeploymentPostprocessing = 0;
		};
		E15E35151F018996001D9014 /* Resources */ = {
			isa = PBXResourcesBuildPhase;
			buildActionMask = 2147483647;
			files = (
			);
			runOnlyForDeploymentPostprocessing = 0;
		};
/* End PBXResourcesBuildPhase section */

/* Begin PBXShellScriptBuildPhase section */
		287E1FC8A3A268087546010D /* [CP] Embed Pods Frameworks */ = {
			isa = PBXShellScriptBuildPhase;
			buildActionMask = 2147483647;
			files = (
			);
			inputPaths = (
			);
			name = "[CP] Embed Pods Frameworks";
			outputPaths = (
			);
			runOnlyForDeploymentPostprocessing = 0;
			shellPath = /bin/sh;
			shellScript = "\"${SRCROOT}/Pods/Target Support Files/Pods-ParseChatUITests/Pods-ParseChatUITests-frameworks.sh\"\n";
			showEnvVarsInLog = 0;
		};
		5C7CA7A7BCF322B8EFF45CC5 /* [CP] Copy Pods Resources */ = {
			isa = PBXShellScriptBuildPhase;
			buildActionMask = 2147483647;
			files = (
			);
			inputPaths = (
			);
			name = "[CP] Copy Pods Resources";
			outputPaths = (
			);
			runOnlyForDeploymentPostprocessing = 0;
			shellPath = /bin/sh;
			shellScript = "\"${SRCROOT}/Pods/Target Support Files/Pods-ParseChatUITests/Pods-ParseChatUITests-resources.sh\"\n";
			showEnvVarsInLog = 0;
		};
		5E18E44185700584E1E5DBFA /* [CP] Copy Pods Resources */ = {
			isa = PBXShellScriptBuildPhase;
			buildActionMask = 2147483647;
			files = (
			);
			inputPaths = (
			);
			name = "[CP] Copy Pods Resources";
			outputPaths = (
			);
			runOnlyForDeploymentPostprocessing = 0;
			shellPath = /bin/sh;
			shellScript = "\"${SRCROOT}/Pods/Target Support Files/Pods-ParseChatTests/Pods-ParseChatTests-resources.sh\"\n";
			showEnvVarsInLog = 0;
		};
		87702061D8040F524F169CD8 /* [CP] Check Pods Manifest.lock */ = {
			isa = PBXShellScriptBuildPhase;
			buildActionMask = 2147483647;
			files = (
			);
			inputPaths = (
			);
			name = "[CP] Check Pods Manifest.lock";
			outputPaths = (
			);
			runOnlyForDeploymentPostprocessing = 0;
			shellPath = /bin/sh;
			shellScript = "diff \"${PODS_PODFILE_DIR_PATH}/Podfile.lock\" \"${PODS_ROOT}/Manifest.lock\" > /dev/null\nif [ $? != 0 ] ; then\n    # print error to STDERR\n    echo \"error: The sandbox is not in sync with the Podfile.lock. Run 'pod install' or update your CocoaPods installation.\" >&2\n    exit 1\nfi\n";
			showEnvVarsInLog = 0;
		};
		9647E1979CC79C24C39F7244 /* [CP] Embed Pods Frameworks */ = {
			isa = PBXShellScriptBuildPhase;
			buildActionMask = 2147483647;
			files = (
			);
			inputPaths = (
			);
			name = "[CP] Embed Pods Frameworks";
			outputPaths = (
			);
			runOnlyForDeploymentPostprocessing = 0;
			shellPath = /bin/sh;
			shellScript = "\"${SRCROOT}/Pods/Target Support Files/Pods-ParseChat/Pods-ParseChat-frameworks.sh\"\n";
			showEnvVarsInLog = 0;
		};
		A182BCB0424DF1799CFF166E /* [CP] Embed Pods Frameworks */ = {
			isa = PBXShellScriptBuildPhase;
			buildActionMask = 2147483647;
			files = (
			);
			inputPaths = (
			);
			name = "[CP] Embed Pods Frameworks";
			outputPaths = (
			);
			runOnlyForDeploymentPostprocessing = 0;
			shellPath = /bin/sh;
			shellScript = "\"${SRCROOT}/Pods/Target Support Files/Pods-ParseChatTests/Pods-ParseChatTests-frameworks.sh\"\n";
			showEnvVarsInLog = 0;
		};
		BBEA623DA8575C4E48E19602 /* [CP] Check Pods Manifest.lock */ = {
			isa = PBXShellScriptBuildPhase;
			buildActionMask = 2147483647;
			files = (
			);
			inputPaths = (
			);
			name = "[CP] Check Pods Manifest.lock";
			outputPaths = (
			);
			runOnlyForDeploymentPostprocessing = 0;
			shellPath = /bin/sh;
			shellScript = "diff \"${PODS_PODFILE_DIR_PATH}/Podfile.lock\" \"${PODS_ROOT}/Manifest.lock\" > /dev/null\nif [ $? != 0 ] ; then\n    # print error to STDERR\n    echo \"error: The sandbox is not in sync with the Podfile.lock. Run 'pod install' or update your CocoaPods installation.\" >&2\n    exit 1\nfi\n";
			showEnvVarsInLog = 0;
		};
		C5C6E11933F4265B4221686A /* [CP] Check Pods Manifest.lock */ = {
			isa = PBXShellScriptBuildPhase;
			buildActionMask = 2147483647;
			files = (
			);
			inputPaths = (
			);
			name = "[CP] Check Pods Manifest.lock";
			outputPaths = (
			);
			runOnlyForDeploymentPostprocessing = 0;
			shellPath = /bin/sh;
			shellScript = "diff \"${PODS_PODFILE_DIR_PATH}/Podfile.lock\" \"${PODS_ROOT}/Manifest.lock\" > /dev/null\nif [ $? != 0 ] ; then\n    # print error to STDERR\n    echo \"error: The sandbox is not in sync with the Podfile.lock. Run 'pod install' or update your CocoaPods installation.\" >&2\n    exit 1\nfi\n";
			showEnvVarsInLog = 0;
		};
		D01FC33AEB1903DC4F0B2E4D /* [CP] Copy Pods Resources */ = {
			isa = PBXShellScriptBuildPhase;
			buildActionMask = 2147483647;
			files = (
			);
			inputPaths = (
			);
			name = "[CP] Copy Pods Resources";
			outputPaths = (
			);
			runOnlyForDeploymentPostprocessing = 0;
			shellPath = /bin/sh;
			shellScript = "\"${SRCROOT}/Pods/Target Support Files/Pods-ParseChat/Pods-ParseChat-resources.sh\"\n";
			showEnvVarsInLog = 0;
		};
/* End PBXShellScriptBuildPhase section */

/* Begin PBXSourcesBuildPhase section */
		E15E34F41F018996001D9014 /* Sources */ = {
			isa = PBXSourcesBuildPhase;
			buildActionMask = 2147483647;
			files = (
				E15E34FE1F018996001D9014 /* LoginViewController.swift in Sources */,
				E1C995A91F01A6E000164C69 /* ChatCell.swift in Sources */,
				E1C183DB1F01A263005A46E7 /* ChatViewController.swift in Sources */,
				E15E34FC1F018996001D9014 /* AppDelegate.swift in Sources */,
			);
			runOnlyForDeploymentPostprocessing = 0;
		};
		E15E35081F018996001D9014 /* Sources */ = {
			isa = PBXSourcesBuildPhase;
			buildActionMask = 2147483647;
			files = (
				E15E35111F018996001D9014 /* ParseChatTests.swift in Sources */,
			);
			runOnlyForDeploymentPostprocessing = 0;
		};
		E15E35131F018996001D9014 /* Sources */ = {
			isa = PBXSourcesBuildPhase;
			buildActionMask = 2147483647;
			files = (
				E15E351C1F018996001D9014 /* ParseChatUITests.swift in Sources */,
			);
			runOnlyForDeploymentPostprocessing = 0;
		};
/* End PBXSourcesBuildPhase section */

/* Begin PBXTargetDependency section */
		E15E350E1F018996001D9014 /* PBXTargetDependency */ = {
			isa = PBXTargetDependency;
			target = E15E34F71F018996001D9014 /* ParseChat */;
			targetProxy = E15E350D1F018996001D9014 /* PBXContainerItemProxy */;
		};
		E15E35191F018996001D9014 /* PBXTargetDependency */ = {
			isa = PBXTargetDependency;
			target = E15E34F71F018996001D9014 /* ParseChat */;
			targetProxy = E15E35181F018996001D9014 /* PBXContainerItemProxy */;
		};
/* End PBXTargetDependency section */

/* Begin PBXVariantGroup section */
		E15E34FF1F018996001D9014 /* Main.storyboard */ = {
			isa = PBXVariantGroup;
			children = (
				E15E35001F018996001D9014 /* Base */,
			);
			name = Main.storyboard;
			sourceTree = "<group>";
		};
		E15E35041F018996001D9014 /* LaunchScreen.storyboard */ = {
			isa = PBXVariantGroup;
			children = (
				E15E35051F018996001D9014 /* Base */,
			);
			name = LaunchScreen.storyboard;
			sourceTree = "<group>";
		};
/* End PBXVariantGroup section */

/* Begin XCBuildConfiguration section */
		E15E351E1F018996001D9014 /* Debug */ = {
			isa = XCBuildConfiguration;
			buildSettings = {
				ALWAYS_SEARCH_USER_PATHS = NO;
				CLANG_ANALYZER_NONNULL = YES;
				CLANG_ANALYZER_NUMBER_OBJECT_CONVERSION = YES_AGGRESSIVE;
				CLANG_CXX_LANGUAGE_STANDARD = "gnu++0x";
				CLANG_CXX_LIBRARY = "libc++";
				CLANG_ENABLE_MODULES = YES;
				CLANG_ENABLE_OBJC_ARC = YES;
				CLANG_WARN_BOOL_CONVERSION = YES;
				CLANG_WARN_CONSTANT_CONVERSION = YES;
				CLANG_WARN_DIRECT_OBJC_ISA_USAGE = YES_ERROR;
				CLANG_WARN_DOCUMENTATION_COMMENTS = YES;
				CLANG_WARN_EMPTY_BODY = YES;
				CLANG_WARN_ENUM_CONVERSION = YES;
				CLANG_WARN_INFINITE_RECURSION = YES;
				CLANG_WARN_INT_CONVERSION = YES;
				CLANG_WARN_OBJC_ROOT_CLASS = YES_ERROR;
				CLANG_WARN_SUSPICIOUS_MOVE = YES;
				CLANG_WARN_UNREACHABLE_CODE = YES;
				CLANG_WARN__DUPLICATE_METHOD_MATCH = YES;
				"CODE_SIGN_IDENTITY[sdk=iphoneos*]" = "iPhone Developer";
				COPY_PHASE_STRIP = NO;
				DEBUG_INFORMATION_FORMAT = dwarf;
				ENABLE_STRICT_OBJC_MSGSEND = YES;
				ENABLE_TESTABILITY = YES;
				GCC_C_LANGUAGE_STANDARD = gnu99;
				GCC_DYNAMIC_NO_PIC = NO;
				GCC_NO_COMMON_BLOCKS = YES;
				GCC_OPTIMIZATION_LEVEL = 0;
				GCC_PREPROCESSOR_DEFINITIONS = (
					"DEBUG=1",
					"$(inherited)",
				);
				GCC_WARN_64_TO_32_BIT_CONVERSION = YES;
				GCC_WARN_ABOUT_RETURN_TYPE = YES_ERROR;
				GCC_WARN_UNDECLARED_SELECTOR = YES;
				GCC_WARN_UNINITIALIZED_AUTOS = YES_AGGRESSIVE;
				GCC_WARN_UNUSED_FUNCTION = YES;
				GCC_WARN_UNUSED_VARIABLE = YES;
				IPHONEOS_DEPLOYMENT_TARGET = 10.3;
				MTL_ENABLE_DEBUG_INFO = YES;
				ONLY_ACTIVE_ARCH = YES;
				SDKROOT = iphoneos;
				SWIFT_ACTIVE_COMPILATION_CONDITIONS = DEBUG;
				SWIFT_OPTIMIZATION_LEVEL = "-Onone";
			};
			name = Debug;
		};
		E15E351F1F018996001D9014 /* Release */ = {
			isa = XCBuildConfiguration;
			buildSettings = {
				ALWAYS_SEARCH_USER_PATHS = NO;
				CLANG_ANALYZER_NONNULL = YES;
				CLANG_ANALYZER_NUMBER_OBJECT_CONVERSION = YES_AGGRESSIVE;
				CLANG_CXX_LANGUAGE_STANDARD = "gnu++0x";
				CLANG_CXX_LIBRARY = "libc++";
				CLANG_ENABLE_MODULES = YES;
				CLANG_ENABLE_OBJC_ARC = YES;
				CLANG_WARN_BOOL_CONVERSION = YES;
				CLANG_WARN_CONSTANT_CONVERSION = YES;
				CLANG_WARN_DIRECT_OBJC_ISA_USAGE = YES_ERROR;
				CLANG_WARN_DOCUMENTATION_COMMENTS = YES;
				CLANG_WARN_EMPTY_BODY = YES;
				CLANG_WARN_ENUM_CONVERSION = YES;
				CLANG_WARN_INFINITE_RECURSION = YES;
				CLANG_WARN_INT_CONVERSION = YES;
				CLANG_WARN_OBJC_ROOT_CLASS = YES_ERROR;
				CLANG_WARN_SUSPICIOUS_MOVE = YES;
				CLANG_WARN_UNREACHABLE_CODE = YES;
				CLANG_WARN__DUPLICATE_METHOD_MATCH = YES;
				"CODE_SIGN_IDENTITY[sdk=iphoneos*]" = "iPhone Developer";
				COPY_PHASE_STRIP = NO;
				DEBUG_INFORMATION_FORMAT = "dwarf-with-dsym";
				ENABLE_NS_ASSERTIONS = NO;
				ENABLE_STRICT_OBJC_MSGSEND = YES;
				GCC_C_LANGUAGE_STANDARD = gnu99;
				GCC_NO_COMMON_BLOCKS = YES;
				GCC_WARN_64_TO_32_BIT_CONVERSION = YES;
				GCC_WARN_ABOUT_RETURN_TYPE = YES_ERROR;
				GCC_WARN_UNDECLARED_SELECTOR = YES;
				GCC_WARN_UNINITIALIZED_AUTOS = YES_AGGRESSIVE;
				GCC_WARN_UNUSED_FUNCTION = YES;
				GCC_WARN_UNUSED_VARIABLE = YES;
				IPHONEOS_DEPLOYMENT_TARGET = 10.3;
				MTL_ENABLE_DEBUG_INFO = NO;
				SDKROOT = iphoneos;
				SWIFT_OPTIMIZATION_LEVEL = "-Owholemodule";
				VALIDATE_PRODUCT = YES;
			};
			name = Release;
		};
		E15E35211F018996001D9014 /* Debug */ = {
			isa = XCBuildConfiguration;
			baseConfigurationReference = 7ED169A982B069B5317F0E14 /* Pods-ParseChat.debug.xcconfig */;
			buildSettings = {
				ASSETCATALOG_COMPILER_APPICON_NAME = AppIcon;
				INFOPLIST_FILE = ParseChat/Info.plist;
				LD_RUNPATH_SEARCH_PATHS = "$(inherited) @executable_path/Frameworks";
				PRODUCT_BUNDLE_IDENTIFIER = com.annabel.ParseChat;
				PRODUCT_NAME = "$(TARGET_NAME)";
				SWIFT_VERSION = 3.0;
			};
			name = Debug;
		};
		E15E35221F018996001D9014 /* Release */ = {
			isa = XCBuildConfiguration;
			baseConfigurationReference = E5584798A2DF4E762BC1FB4E /* Pods-ParseChat.release.xcconfig */;
			buildSettings = {
				ASSETCATALOG_COMPILER_APPICON_NAME = AppIcon;
				INFOPLIST_FILE = ParseChat/Info.plist;
				LD_RUNPATH_SEARCH_PATHS = "$(inherited) @executable_path/Frameworks";
				PRODUCT_BUNDLE_IDENTIFIER = com.annabel.ParseChat;
				PRODUCT_NAME = "$(TARGET_NAME)";
				SWIFT_VERSION = 3.0;
			};
			name = Release;
		};
		E15E35241F018996001D9014 /* Debug */ = {
			isa = XCBuildConfiguration;
			baseConfigurationReference = AB2CB48507343F835BB68A8F /* Pods-ParseChatTests.debug.xcconfig */;
			buildSettings = {
				ALWAYS_EMBED_SWIFT_STANDARD_LIBRARIES = YES;
				BUNDLE_LOADER = "$(TEST_HOST)";
				INFOPLIST_FILE = ParseChatTests/Info.plist;
				LD_RUNPATH_SEARCH_PATHS = "$(inherited) @executable_path/Frameworks @loader_path/Frameworks";
				PRODUCT_BUNDLE_IDENTIFIER = com.annabel.ParseChatTests;
				PRODUCT_NAME = "$(TARGET_NAME)";
				SWIFT_VERSION = 3.0;
				TEST_HOST = "$(BUILT_PRODUCTS_DIR)/ParseChat.app/ParseChat";
			};
			name = Debug;
		};
		E15E35251F018996001D9014 /* Release */ = {
			isa = XCBuildConfiguration;
			baseConfigurationReference = A95B04BC43F57F037379953A /* Pods-ParseChatTests.release.xcconfig */;
			buildSettings = {
				ALWAYS_EMBED_SWIFT_STANDARD_LIBRARIES = YES;
				BUNDLE_LOADER = "$(TEST_HOST)";
				INFOPLIST_FILE = ParseChatTests/Info.plist;
				LD_RUNPATH_SEARCH_PATHS = "$(inherited) @executable_path/Frameworks @loader_path/Frameworks";
				PRODUCT_BUNDLE_IDENTIFIER = com.annabel.ParseChatTests;
				PRODUCT_NAME = "$(TARGET_NAME)";
				SWIFT_VERSION = 3.0;
				TEST_HOST = "$(BUILT_PRODUCTS_DIR)/ParseChat.app/ParseChat";
			};
			name = Release;
		};
		E15E35271F018996001D9014 /* Debug */ = {
			isa = XCBuildConfiguration;
			baseConfigurationReference = 2609B424A2C034365A4BB58D /* Pods-ParseChatUITests.debug.xcconfig */;
			buildSettings = {
				ALWAYS_EMBED_SWIFT_STANDARD_LIBRARIES = YES;
				INFOPLIST_FILE = ParseChatUITests/Info.plist;
				LD_RUNPATH_SEARCH_PATHS = "$(inherited) @executable_path/Frameworks @loader_path/Frameworks";
				PRODUCT_BUNDLE_IDENTIFIER = com.annabel.ParseChatUITests;
				PRODUCT_NAME = "$(TARGET_NAME)";
				SWIFT_VERSION = 3.0;
				TEST_TARGET_NAME = ParseChat;
			};
			name = Debug;
		};
		E15E35281F018996001D9014 /* Release */ = {
			isa = XCBuildConfiguration;
			baseConfigurationReference = FBB44E65B15546923009B012 /* Pods-ParseChatUITests.release.xcconfig */;
			buildSettings = {
				ALWAYS_EMBED_SWIFT_STANDARD_LIBRARIES = YES;
				INFOPLIST_FILE = ParseChatUITests/Info.plist;
				LD_RUNPATH_SEARCH_PATHS = "$(inherited) @executable_path/Frameworks @loader_path/Frameworks";
				PRODUCT_BUNDLE_IDENTIFIER = com.annabel.ParseChatUITests;
				PRODUCT_NAME = "$(TARGET_NAME)";
				SWIFT_VERSION = 3.0;
				TEST_TARGET_NAME = ParseChat;
			};
			name = Release;
		};
/* End XCBuildConfiguration section */

/* Begin XCConfigurationList section */
		E15E34F31F018996001D9014 /* Build configuration list for PBXProject "ParseChat" */ = {
			isa = XCConfigurationList;
			buildConfigurations = (
				E15E351E1F018996001D9014 /* Debug */,
				E15E351F1F018996001D9014 /* Release */,
			);
			defaultConfigurationIsVisible = 0;
			defaultConfigurationName = Release;
		};
		E15E35201F018996001D9014 /* Build configuration list for PBXNativeTarget "ParseChat" */ = {
			isa = XCConfigurationList;
			buildConfigurations = (
				E15E35211F018996001D9014 /* Debug */,
				E15E35221F018996001D9014 /* Release */,
			);
			defaultConfigurationIsVisible = 0;
			defaultConfigurationName = Release;
		};
		E15E35231F018996001D9014 /* Build configuration list for PBXNativeTarget "ParseChatTests" */ = {
			isa = XCConfigurationList;
			buildConfigurations = (
				E15E35241F018996001D9014 /* Debug */,
				E15E35251F018996001D9014 /* Release */,
			);
			defaultConfigurationIsVisible = 0;
			defaultConfigurationName = Release;
		};
		E15E35261F018996001D9014 /* Build configuration list for PBXNativeTarget "ParseChatUITests" */ = {
			isa = XCConfigurationList;
			buildConfigurations = (
				E15E35271F018996001D9014 /* Debug */,
				E15E35281F018996001D9014 /* Release */,
			);
			defaultConfigurationIsVisible = 0;
			defaultConfigurationName = Release;
		};
/* End XCConfigurationList section */
	};
	rootObject = E15E34F01F018996001D9014 /* Project object */;
}
